
Microsoft Visual Studio Solution File, Format Version 12.00
# Visual Studio Version 17
VisualStudioVersion = 17.14.37012.4 d17.14
MinimumVisualStudioVersion = 10.0.40219.1
Project("{FAE04EC0-301F-11D3-BF4B-00C04F79EFBC}") = "TechStore.API", "..\..\..\Downloads\TechStore.API\TechStore.API\TechStore.API.csproj", "{AD9C6C29-5F72-9618-3C9A-B896582FBDDD}"
EndProject
Global
	GlobalSection(SolutionConfigurationPlatforms) = preSolution
		Debug|Any CPU = Debug|Any CPU
		Release|Any CPU = Release|Any CPU
	EndGlobalSection
	GlobalSection(ProjectConfigurationPlatforms) = postSolution
		{AD9C6C29-5F72-9618-3C9A-B896582FBDDD}.Debug|Any CPU.ActiveCfg = Debug|Any CPU
		{AD9C6C29-5F72-9618-3C9A-B896582FBDDD}.Debug|Any CPU.Build.0 = Debug|Any CPU
		{AD9C6C29-5F72-9618-3C9A-B896582FBDDD}.Release|Any CPU.ActiveCfg = Release|Any CPU
		{AD9C6C29-5F72-9618-3C9A-B896582FBDDD}.Release|Any CPU.Build.0 = Release|Any CPU
	EndGlobalSection
	GlobalSection(SolutionProperties) = preSolution
		HideSolutionNode = FALSE
	EndGlobalSection
	GlobalSection(ExtensibilityGlobals) = postSolution
		SolutionGuid = {99FCD413-0D46-4BF7-B138-CF8532D58F51}
	EndGlobalSection
EndGlobal
